
Microsoft Visual Studio Solution File, Format Version 12.00
# Visual Studio Version 17
VisualStudioVersion = 17.14.37012.4 d17.14
MinimumVisualStudioVersion = 10.0.40219.1
Project("{FAE04EC0-301F-11D3-BF4B-00C04F79EFBC}") = "ExFood", "ExFood.csproj", "{E7D807EC-87E0-4AFB-8B57-DF51A872FC57}"
EndProject
Global
	GlobalSection(SolutionConfigurationPlatforms) = preSolution
		Debug|Any CPU = Debug|Any CPU
		Release|Any CPU = Release|Any CPU
	EndGlobalSection
	GlobalSection(ProjectConfigurationPlatforms) = postSolution
		{E7D807EC-87E0-4AFB-8B57-DF51A872FC57}.Debug|Any CPU.ActiveCfg = Debug|Any CPU
		{E7D807EC-87E0-4AFB-8B57-DF51A872FC57}.Debug|Any CPU.Build.0 = Debug|Any CPU
		{E7D807EC-87E0-4AFB-8B57-DF51A872FC57}.Release|Any CPU.ActiveCfg = Release|Any CPU
		{E7D807EC-87E0-4AFB-8B57-DF51A872FC57}.Release|Any CPU.Build.0 = Release|Any CPU
	EndGlobalSection
	GlobalSection(SolutionProperties) = preSolution
		HideSolutionNode = FALSE
	EndGlobalSection
	GlobalSection(ExtensibilityGlobals) = postSolution
		SolutionGuid = {427A7DC5-A378-4F8D-AFC8-583533D4C07E}
	EndGlobalSection
EndGlobal
